
Microsoft Visual Studio Solution File, Format Version 12.00
# Visual Studio Version 17
VisualStudioVersion = 17.5.002.0
MinimumVisualStudioVersion = 10.0.40219.1
Project("{9A19103F-16F7-4668-BE54-9A1E7A4F7556}") = "EmployedProyect", "EmployedProyect.csproj", "{69969689-3658-4F42-BEAE-ED869F567EE4}"
EndProject
Global
	GlobalSection(SolutionConfigurationPlatforms) = preSolution
		Debug|Any CPU = Debug|Any CPU
		Release|Any CPU = Release|Any CPU
	EndGlobalSection
	GlobalSection(ProjectConfigurationPlatforms) = postSolution
		{69969689-3658-4F42-BEAE-ED869F567EE4}.Debug|Any CPU.ActiveCfg = Debug|Any CPU
		{69969689-3658-4F42-BEAE-ED869F567EE4}.Debug|Any CPU.Build.0 = Debug|Any CPU
		{69969689-3658-4F42-BEAE-ED869F567EE4}.Release|Any CPU.ActiveCfg = Release|Any CPU
		{69969689-3658-4F42-BEAE-ED869F567EE4}.Release|Any CPU.Build.0 = Release|Any CPU
	EndGlobalSection
	GlobalSection(SolutionProperties) = preSolution
		HideSolutionNode = FALSE
	EndGlobalSection
	GlobalSection(ExtensibilityGlobals) = postSolution
		SolutionGuid = {D3537354-C540-4E1F-B8A8-B413B6C62936}
	EndGlobalSection
EndGlobal
